
Microsoft Visual Studio Solution File, Format Version 12.00
# Visual Studio Version 17
VisualStudioVersion = 17.9.34607.119
MinimumVisualStudioVersion = 10.0.40219.1
Project("{FAE04EC0-301F-11D3-BF4B-00C04F79EFBC}") = "exercicio3", "exercicio3\exercicio3.csproj", "{B98861A2-AD8C-4072-AEF2-F10C6554FD89}"
EndProject
Global
	GlobalSection(SolutionConfigurationPlatforms) = preSolution
		Debug|Any CPU = Debug|Any CPU
		Release|Any CPU = Release|Any CPU
	EndGlobalSection
	GlobalSection(ProjectConfigurationPlatforms) = postSolution
		{B98861A2-AD8C-4072-AEF2-F10C6554FD89}.Debug|Any CPU.ActiveCfg = Debug|Any CPU
		{B98861A2-AD8C-4072-AEF2-F10C6554FD89}.Debug|Any CPU.Build.0 = Debug|Any CPU
		{B98861A2-AD8C-4072-AEF2-F10C6554FD89}.Release|Any CPU.ActiveCfg = Release|Any CPU
		{B98861A2-AD8C-4072-AEF2-F10C6554FD89}.Release|Any CPU.Build.0 = Release|Any CPU
	EndGlobalSection
	GlobalSection(SolutionProperties) = preSolution
		HideSolutionNode = FALSE
	EndGlobalSection
	GlobalSection(ExtensibilityGlobals) = postSolution
		SolutionGuid = {B435CFD0-F73D-483E-A559-B0506ED6F59F}
	EndGlobalSection
EndGlobal
